Microsoft Visual Studio Solution File, Format Version 12.00
# Visual Studio Version 17
VisualStudioVersion = 17.5.2.0
MinimumVisualStudioVersion = 10.0.40219.1
Project("{2150E333-8FDC-42A3-9474-1A3956D46DE8}") = "ScavTemplate", "ScavTemplate", "{9E5F30AB-A6C8-E6DE-6728-222D1EA47AED}"
EndProject
Project("{FAE04EC0-301F-11D3-BF4B-00C04F79EFBC}") = "Template", "ScavTemplate\Template.csproj", "{47A83D3E-B7D9-F315-C7E5-E1463ACEFCCD}"
EndProject
Global
	GlobalSection(SolutionConfigurationPlatforms) = preSolution
		Debug|Any CPU = Debug|Any CPU
		Release|Any CPU = Release|Any CPU
	EndGlobalSection
	GlobalSection(ProjectConfigurationPlatforms) = postSolution
		{47A83D3E-B7D9-F315-C7E5-E1463ACEFCCD}.Debug|Any CPU.ActiveCfg = Debug|Any CPU
		{47A83D3E-B7D9-F315-C7E5-E1463ACEFCCD}.Debug|Any CPU.Build.0 = Debug|Any CPU
		{47A83D3E-B7D9-F315-C7E5-E1463ACEFCCD}.Release|Any CPU.ActiveCfg = Release|Any CPU
		{47A83D3E-B7D9-F315-C7E5-E1463ACEFCCD}.Release|Any CPU.Build.0 = Release|Any CPU
	EndGlobalSection
	GlobalSection(SolutionProperties) = preSolution
		HideSolutionNode = FALSE
	EndGlobalSection
	GlobalSection(NestedProjects) = preSolution
		{47A83D3E-B7D9-F315-C7E5-E1463ACEFCCD} = {9E5F30AB-A6C8-E6DE-6728-222D1EA47AED}
	EndGlobalSection
	GlobalSection(ExtensibilityGlobals) = postSolution
		SolutionGuid = {0519F5F6-3E7E-45E4-A836-76192836F733}
	EndGlobalSection
EndGlobal
